
Microsoft Visual Studio Solution File, Format Version 12.00
# Visual Studio Version 17
VisualStudioVersion = 17.7.34221.43
MinimumVisualStudioVersion = 10.0.40219.1
Project("{8BC9CEB8-8B4A-11D0-8D11-00A0C91BC942}") = "question 4", "question 4\question 4.vcxproj", "{9AB3E240-F5F5-4BA0-AD09-1BB9F54F2579}"
EndProject
Global
	GlobalSection(SolutionConfigurationPlatforms) = preSolution
		Debug|x64 = Debug|x64
		Debug|x86 = Debug|x86
		Release|x64 = Release|x64
		Release|x86 = Release|x86
	EndGlobalSection
	GlobalSection(ProjectConfigurationPlatforms) = postSolution
		{9AB3E240-F5F5-4BA0-AD09-1BB9F54F2579}.Debug|x64.ActiveCfg = Debug|x64
		{9AB3E240-F5F5-4BA0-AD09-1BB9F54F2579}.Debug|x64.Build.0 = Debug|x64
		{9AB3E240-F5F5-4BA0-AD09-1BB9F54F2579}.Debug|x86.ActiveCfg = Debug|Win32
		{9AB3E240-F5F5-4BA0-AD09-1BB9F54F2579}.Debug|x86.Build.0 = Debug|Win32
		{9AB3E240-F5F5-4BA0-AD09-1BB9F54F2579}.Release|x64.ActiveCfg = Release|x64
		{9AB3E240-F5F5-4BA0-AD09-1BB9F54F2579}.Release|x64.Build.0 = Release|x64
		{9AB3E240-F5F5-4BA0-AD09-1BB9F54F2579}.Release|x86.ActiveCfg = Release|Win32
		{9AB3E240-F5F5-4BA0-AD09-1BB9F54F2579}.Release|x86.Build.0 = Release|Win32
	EndGlobalSection
	GlobalSection(SolutionProperties) = preSolution
		HideSolutionNode = FALSE
	EndGlobalSection
	GlobalSection(ExtensibilityGlobals) = postSolution
		SolutionGuid = {BC6BC6B9-F084-416E-9CA7-2705C54BC77F}
	EndGlobalSection
EndGlobal
